// !$*UTF8*$!
{
	archiveVersion = 1;
	classes = {
	};
	objectVersion = 50;
	objects = {

/* Begin PBXBuildFile section */
		B03A59A625D57351009BC164 /* FTShowMusicApp.swift in Sources */ = {isa = PBXBuildFile; fileRef = B03A59A525D57351009BC164 /* FTShowMusicApp.swift */; };
		B03A59A825D57351009BC164 /* FTPlaylistsView.swift in Sources */ = {isa = PBXBuildFile; fileRef = B03A59A725D57351009BC164 /* FTPlaylistsView.swift */; };
		B03A59AA25D57352009BC164 /* Assets.xcassets in Resources */ = {isa = PBXBuildFile; fileRef = B03A59A925D57352009BC164 /* Assets.xcassets */; };
		B03A59AD25D57352009BC164 /* Preview Assets.xcassets in Resources */ = {isa = PBXBuildFile; fileRef = B03A59AC25D57352009BC164 /* Preview Assets.xcassets */; };
		B03A59B725D57502009BC164 /* FTPlaylistRow.swift in Sources */ = {isa = PBXBuildFile; fileRef = B03A59B625D57502009BC164 /* FTPlaylistRow.swift */; };
		B03A59BA25D57605009BC164 /* NetworkManager.swift in Sources */ = {isa = PBXBuildFile; fileRef = B03A59B925D57605009BC164 /* NetworkManager.swift */; };
		B03A59BE25D578A4009BC164 /* FTPlaylistsViewModel.swift in Sources */ = {isa = PBXBuildFile; fileRef = B03A59BD25D578A4009BC164 /* FTPlaylistsViewModel.swift */; };
		B03A59D325D57AFE009BC164 /* FTAlbumCell.swift in Sources */ = {isa = PBXBuildFile; fileRef = B03A59D225D57AFE009BC164 /* FTAlbumCell.swift */; };
		B077FF4025D57D100072A861 /* FTError.swift in Sources */ = {isa = PBXBuildFile; fileRef = B077FF3F25D57D100072A861 /* FTError.swift */; };
		B077FF4525D57D490072A861 /* Playlist.swift in Sources */ = {isa = PBXBuildFile; fileRef = B077FF4425D57D490072A861 /* Playlist.swift */; };
		B077FF4925D57D5B0072A861 /* Album.swift in Sources */ = {isa = PBXBuildFile; fileRef = B077FF4825D57D5B0072A861 /* Album.swift */; };
		B077FF4D25D57EC90072A861 /* MockData.swift in Sources */ = {isa = PBXBuildFile; fileRef = B077FF4C25D57EC90072A861 /* MockData.swift */; };
		B077FF5025D580150072A861 /* ImageLoader.swift in Sources */ = {isa = PBXBuildFile; fileRef = B077FF4F25D580150072A861 /* ImageLoader.swift */; };
		B077FF5325D581D20072A861 /* APIResponse.swift in Sources */ = {isa = PBXBuildFile; fileRef = B077FF5225D581D20072A861 /* APIResponse.swift */; };
		B077FF5825D5955A0072A861 /* ImageWithUrl.swift in Sources */ = {isa = PBXBuildFile; fileRef = B077FF5725D5955A0072A861 /* ImageWithUrl.swift */; };
		B077FF5B25D5AAD20072A861 /* Constants.swift in Sources */ = {isa = PBXBuildFile; fileRef = B077FF5A25D5AAD20072A861 /* Constants.swift */; };
/* End PBXBuildFile section */

/* Begin PBXFileReference section */
		B03A59A225D57351009BC164 /* FTShowMusic.app */ = {isa = PBXFileReference; explicitFileType = wrapper.application; includeInIndex = 0; path = FTShowMusic.app; sourceTree = BUILT_PRODUCTS_DIR; };
		B03A59A525D57351009BC164 /* FTShowMusicApp.swift */ = {isa = PBXFileReference; lastKnownFileType = sourcecode.swift; path = FTShowMusicApp.swift; sourceTree = "<group>"; };
		B03A59A725D57351009BC164 /* FTPlaylistsView.swift */ = {isa = PBXFileReference; lastKnownFileType = sourcecode.swift; path = FTPlaylistsView.swift; sourceTree = "<group>"; };
		B03A59A925D57352009BC164 /* Assets.xcassets */ = {isa = PBXFileReference; lastKnownFileType = folder.assetcatalog; path = Assets.xcassets; sourceTree = "<group>"; };
		B03A59AC25D57352009BC164 /* Preview Assets.xcassets */ = {isa = PBXFileReference; lastKnownFileType = folder.assetcatalog; path = "Preview Assets.xcassets"; sourceTree = "<group>"; };
		B03A59AE25D57352009BC164 /* Info.plist */ = {isa = PBXFileReference; lastKnownFileType = text.plist.xml; path = Info.plist; sourceTree = "<group>"; };
		B03A59B625D57502009BC164 /* FTPlaylistRow.swift */ = {isa = PBXFileReference; lastKnownFileType = sourcecode.swift; path = FTPlaylistRow.swift; sourceTree = "<group>"; };
		B03A59B925D57605009BC164 /* NetworkManager.swift */ = {isa = PBXFileReference; lastKnownFileType = sourcecode.swift; path = NetworkManager.swift; sourceTree = "<group>"; };
		B03A59BD25D578A4009BC164 /* FTPlaylistsViewModel.swift */ = {isa = PBXFileReference; lastKnownFileType = sourcecode.swift; path = FTPlaylistsViewModel.swift; sourceTree = "<group>"; };
		B03A59D225D57AFE009BC164 /* FTAlbumCell.swift */ = {isa = PBXFileReference; lastKnownFileType = sourcecode.swift; path = FTAlbumCell.swift; sourceTree = "<group>"; };
		B077FF3F25D57D100072A861 /* FTError.swift */ = {isa = PBXFileReference; lastKnownFileType = sourcecode.swift; path = FTError.swift; sourceTree = "<group>"; };
		B077FF4425D57D490072A861 /* Playlist.swift */ = {isa = PBXFileReference; lastKnownFileType = sourcecode.swift; path = Playlist.swift; sourceTree = "<group>"; };
		B077FF4825D57D5B0072A861 /* Album.swift */ = {isa = PBXFileReference; lastKnownFileType = sourcecode.swift; path = Album.swift; sourceTree = "<group>"; };
		B077FF4C25D57EC90072A861 /* MockData.swift */ = {isa = PBXFileReference; lastKnownFileType = sourcecode.swift; path = MockData.swift; sourceTree = "<group>"; };
		B077FF4F25D580150072A861 /* ImageLoader.swift */ = {isa = PBXFileReference; lastKnownFileType = sourcecode.swift; path = ImageLoader.swift; sourceTree = "<group>"; };
		B077FF5225D581D20072A861 /* APIResponse.swift */ = {isa = PBXFileReference; lastKnownFileType = sourcecode.swift; path = APIResponse.swift; sourceTree = "<group>"; };
		B077FF5725D5955A0072A861 /* ImageWithUrl.swift */ = {isa = PBXFileReference; lastKnownFileType = sourcecode.swift; path = ImageWithUrl.swift; sourceTree = "<group>"; };
		B077FF5A25D5AAD20072A861 /* Constants.swift */ = {isa = PBXFileReference; lastKnownFileType = sourcecode.swift; path = Constants.swift; sourceTree = "<group>"; };
/* End PBXFileReference section */

/* Begin PBXFrameworksBuildPhase section */
		B03A599F25D57351009BC164 /* Frameworks */ = {
			isa = PBXFrameworksBuildPhase;
			buildActionMask = 2147483647;
			files = (
			);
			runOnlyForDeploymentPostprocessing = 0;
		};
/* End PBXFrameworksBuildPhase section */

/* Begin PBXGroup section */
		B03A599925D57351009BC164 = {
			isa = PBXGroup;
			children = (
				B03A59A425D57351009BC164 /* FTShowMusic */,
				B03A59A325D57351009BC164 /* Products */,
			);
			sourceTree = "<group>";
		};
		B03A59A325D57351009BC164 /* Products */ = {
			isa = PBXGroup;
			children = (
				B03A59A225D57351009BC164 /* FTShowMusic.app */,
			);
			name = Products;
			sourceTree = "<group>";
		};
		B03A59A425D57351009BC164 /* FTShowMusic */ = {
			isa = PBXGroup;
			children = (
				B03A59AE25D57352009BC164 /* Info.plist */,
				B03A59A525D57351009BC164 /* FTShowMusicApp.swift */,
				B077FF5A25D5AAD20072A861 /* Constants.swift */,
				B03A59A925D57352009BC164 /* Assets.xcassets */,
				B077FF3E25D57D010072A861 /* Helpers */,
				B077FF4325D57D420072A861 /* Models */,
				B03A59CE25D578DB009BC164 /* Networking */,
				B03A59AB25D57352009BC164 /* Preview Content */,
				B03A59C725D578C6009BC164 /* ViewModel */,
				B03A59C425D578BE009BC164 /* Views */,
			);
			path = FTShowMusic;
			sourceTree = "<group>";
		};
		B03A59AB25D57352009BC164 /* Preview Content */ = {
			isa = PBXGroup;
			children = (
				B03A59AC25D57352009BC164 /* Preview Assets.xcassets */,
			);
			path = "Preview Content";
			sourceTree = "<group>";
		};
		B03A59C425D578BE009BC164 /* Views */ = {
			isa = PBXGroup;
			children = (
				B07C045A25D5AE2700E723DB /* Lists */,
				B07C045C25D5AE2B00E723DB /* Rows */,
				B07C045E25D5AE2E00E723DB /* Cells */,
				B07C046025D5AE3500E723DB /* Images */,
			);
			path = Views;
			sourceTree = "<group>";
		};
		B03A59C725D578C6009BC164 /* ViewModel */ = {
			isa = PBXGroup;
			children = (
				B03A59BD25D578A4009BC164 /* FTPlaylistsViewModel.swift */,
			);
			path = ViewModel;
			sourceTree = "<group>";
		};
		B03A59CE25D578DB009BC164 /* Networking */ = {
			isa = PBXGroup;
			children = (
				B03A59B925D57605009BC164 /* NetworkManager.swift */,
				B077FF4F25D580150072A861 /* ImageLoader.swift */,
			);
			path = Networking;
			sourceTree = "<group>";
		};
		B077FF3E25D57D010072A861 /* Helpers */ = {
			isa = PBXGroup;
			children = (
				B077FF3F25D57D100072A861 /* FTError.swift */,
				B077FF4C25D57EC90072A861 /* MockData.swift */,
			);
			path = Helpers;
			sourceTree = "<group>";
		};
		B077FF4325D57D420072A861 /* Models */ = {
			isa = PBXGroup;
			children = (
				B077FF4425D57D490072A861 /* Playlist.swift */,
				B077FF4825D57D5B0072A861 /* Album.swift */,
				B077FF5225D581D20072A861 /* APIResponse.swift */,
			);
			path = Models;
			sourceTree = "<group>";
		};
		B07C045A25D5AE2700E723DB /* Lists */ = {
			isa = PBXGroup;
			children = (
				B03A59A725D57351009BC164 /* FTPlaylistsView.swift */,
			);
			path = Lists;
			sourceTree = "<group>";
		};
		B07C045C25D5AE2B00E723DB /* Rows */ = {
			isa = PBXGroup;
			children = (
				B03A59B625D57502009BC164 /* FTPlaylistRow.swift */,
			);
			path = Rows;
			sourceTree = "<group>";
		};
		B07C045E25D5AE2E00E723DB /* Cells */ = {
			isa = PBXGroup;
			children = (
				B03A59D225D57AFE009BC164 /* FTAlbumCell.swift */,
			);
			path = Cells;
			sourceTree = "<group>";
		};
		B07C046025D5AE3500E723DB /* Images */ = {
			isa = PBXGroup;
			children = (
				B077FF5725D5955A0072A861 /* ImageWithUrl.swift */,
			);
			path = Images;
			sourceTree = "<group>";
		};
/* End PBXGroup section */

/* Begin PBXNativeTarget section */
		B03A59A125D57351009BC164 /* FTShowMusic */ = {
			isa = PBXNativeTarget;
			buildConfigurationList = B03A59B125D57352009BC164 /* Build configuration list for PBXNativeTarget "FTShowMusic" */;
			buildPhases = (
				B03A599E25D57351009BC164 /* Sources */,
				B03A599F25D57351009BC164 /* Frameworks */,
				B03A59A025D57351009BC164 /* Resources */,
			);
			buildRules = (
			);
			dependencies = (
			);
			name = FTShowMusic;
			productName = FTShowMusic;
			productReference = B03A59A225D57351009BC164 /* FTShowMusic.app */;
			productType = "com.apple.product-type.application";
		};
/* End PBXNativeTarget section */

/* Begin PBXProject section */
		B03A599A25D57351009BC164 /* Project object */ = {
			isa = PBXProject;
			attributes = {
				LastSwiftUpdateCheck = 1240;
				LastUpgradeCheck = 1240;
				TargetAttributes = {
					B03A59A125D57351009BC164 = {
						CreatedOnToolsVersion = 12.4;
					};
				};
			};
			buildConfigurationList = B03A599D25D57351009BC164 /* Build configuration list for PBXProject "FTShowMusic" */;
			compatibilityVersion = "Xcode 9.3";
			developmentRegion = en;
			hasScannedForEncodings = 0;
			knownRegions = (
				en,
				Base,
			);
			mainGroup = B03A599925D57351009BC164;
			productRefGroup = B03A59A325D57351009BC164 /* Products */;
			projectDirPath = "";
			projectRoot = "";
			targets = (
				B03A59A125D57351009BC164 /* FTShowMusic */,
			);
		};
/* End PBXProject section */

/* Begin PBXResourcesBuildPhase section */
		B03A59A025D57351009BC164 /* Resources */ = {
			isa = PBXResourcesBuildPhase;
			buildActionMask = 2147483647;
			files = (
				B03A59AD25D57352009BC164 /* Preview Assets.xcassets in Resources */,
				B03A59AA25D57352009BC164 /* Assets.xcassets in Resources */,
			);
			runOnlyForDeploymentPostprocessing = 0;
		};
/* End PBXResourcesBuildPhase section */

/* Begin PBXSourcesBuildPhase section */
		B03A599E25D57351009BC164 /* Sources */ = {
			isa = PBXSourcesBuildPhase;
			buildActionMask = 2147483647;
			files = (
				B03A59BA25D57605009BC164 /* NetworkManager.swift in Sources */,
				B03A59B725D57502009BC164 /* FTPlaylistRow.swift in Sources */,
				B077FF4025D57D100072A861 /* FTError.swift in Sources */,
				B077FF4525D57D490072A861 /* Playlist.swift in Sources */,
				B03A59A825D57351009BC164 /* FTPlaylistsView.swift in Sources */,
				B077FF5325D581D20072A861 /* APIResponse.swift in Sources */,
				B077FF5025D580150072A861 /* ImageLoader.swift in Sources */,
				B077FF5825D5955A0072A861 /* ImageWithUrl.swift in Sources */,
				B077FF4925D57D5B0072A861 /* Album.swift in Sources */,
				B03A59A625D57351009BC164 /* FTShowMusicApp.swift in Sources */,
				B03A59BE25D578A4009BC164 /* FTPlaylistsViewModel.swift in Sources */,
				B077FF5B25D5AAD20072A861 /* Constants.swift in Sources */,
				B03A59D325D57AFE009BC164 /* FTAlbumCell.swift in Sources */,
				B077FF4D25D57EC90072A861 /* MockData.swift in Sources */,
			);
			runOnlyForDeploymentPostprocessing = 0;
		};
/* End PBXSourcesBuildPhase section */

/* Begin XCBuildConfiguration section */
		B03A59AF25D57352009BC164 /* Debug */ = {
			isa = XCBuildConfiguration;
			buildSettings = {
				ALWAYS_SEARCH_USER_PATHS = NO;
				CLANG_ANALYZER_NONNULL = YES;
				CLANG_ANALYZER_NUMBER_OBJECT_CONVERSION = YES_AGGRESSIVE;
				CLANG_CXX_LANGUAGE_STANDARD = "gnu++14";
				CLANG_CXX_LIBRARY = "libc++";
				CLANG_ENABLE_MODULES = YES;
				CLANG_ENABLE_OBJC_ARC = YES;
				CLANG_ENABLE_OBJC_WEAK = YES;
				CLANG_WARN_BLOCK_CAPTURE_AUTORELEASING = YES;
				CLANG_WARN_BOOL_CONVERSION = YES;
				CLANG_WARN_COMMA = YES;
				CLANG_WARN_CONSTANT_CONVERSION = YES;
				CLANG_WARN_DEPRECATED_OBJC_IMPLEMENTATIONS = YES;
				CLANG_WARN_DIRECT_OBJC_ISA_USAGE = YES_ERROR;
				CLANG_WARN_DOCUMENTATION_COMMENTS = YES;
				CLANG_WARN_EMPTY_BODY = YES;
				CLANG_WARN_ENUM_CONVERSION = YES;
				CLANG_WARN_INFINITE_RECURSION = YES;
				CLANG_WARN_INT_CONVERSION = YES;
				CLANG_WARN_NON_LITERAL_NULL_CONVERSION = YES;
				CLANG_WARN_OBJC_IMPLICIT_RETAIN_SELF = YES;
				CLANG_WARN_OBJC_LITERAL_CONVERSION = YES;
				CLANG_WARN_OBJC_ROOT_CLASS = YES_ERROR;
				CLANG_WARN_QUOTED_INCLUDE_IN_FRAMEWORK_HEADER = YES;
				CLANG_WARN_RANGE_LOOP_ANALYSIS = YES;
				CLANG_WARN_STRICT_PROTOTYPES = YES;
				CLANG_WARN_SUSPICIOUS_MOVE = YES;
				CLANG_WARN_UNGUARDED_AVAILABILITY = YES_AGGRESSIVE;
				CLANG_WARN_UNREACHABLE_CODE = YES;
				CLANG_WARN__DUPLICATE_METHOD_MATCH = YES;
				COPY_PHASE_STRIP = NO;
				DEBUG_INFORMATION_FORMAT = dwarf;
				ENABLE_STRICT_OBJC_MSGSEND = YES;
				ENABLE_TESTABILITY = YES;
				GCC_C_LANGUAGE_STANDARD = gnu11;
				GCC_DYNAMIC_NO_PIC = NO;
				GCC_NO_COMMON_BLOCKS = YES;
				GCC_OPTIMIZATION_LEVEL = 0;
				GCC_PREPROCESSOR_DEFINITIONS = (
					"DEBUG=1",
					"$(inherited)",
				);
				GCC_WARN_64_TO_32_BIT_CONVERSION = YES;
				GCC_WARN_ABOUT_RETURN_TYPE = YES_ERROR;
				GCC_WARN_UNDECLARED_SELECTOR = YES;
				GCC_WARN_UNINITIALIZED_AUTOS = YES_AGGRESSIVE;
				GCC_WARN_UNUSED_FUNCTION = YES;
				GCC_WARN_UNUSED_VARIABLE = YES;
				IPHONEOS_DEPLOYMENT_TARGET = 14.4;
				MTL_ENABLE_DEBUG_INFO = INCLUDE_SOURCE;
				MTL_FAST_MATH = YES;
				ONLY_ACTIVE_ARCH = YES;
				SDKROOT = iphoneos;
				SWIFT_ACTIVE_COMPILATION_CONDITIONS = DEBUG;
				SWIFT_OPTIMIZATION_LEVEL = "-Onone";
			};
			name = Debug;
		};
		B03A59B025D57352009BC164 /* Release */ = {
			isa = XCBuildConfiguration;
			buildSettings = {
				ALWAYS_SEARCH_USER_PATHS = NO;
				CLANG_ANALYZER_NONNULL = YES;
				CLANG_ANALYZER_NUMBER_OBJECT_CONVERSION = YES_AGGRESSIVE;
				CLANG_CXX_LANGUAGE_STANDARD = "gnu++14";
				CLANG_CXX_LIBRARY = "libc++";
				CLANG_ENABLE_MODULES = YES;
				CLANG_ENABLE_OBJC_ARC = YES;
				CLANG_ENABLE_OBJC_WEAK = YES;
				CLANG_WARN_BLOCK_CAPTURE_AUTORELEASING = YES;
				CLANG_WARN_BOOL_CONVERSION = YES;
				CLANG_WARN_COMMA = YES;
				CLANG_WARN_CONSTANT_CONVERSION = YES;
				CLANG_WARN_DEPRECATED_OBJC_IMPLEMENTATIONS = YES;
				CLANG_WARN_DIRECT_OBJC_ISA_USAGE = YES_ERROR;
				CLANG_WARN_DOCUMENTATION_COMMENTS = YES;
				CLANG_WARN_EMPTY_BODY = YES;
				CLANG_WARN_ENUM_CONVERSION = YES;
				CLANG_WARN_INFINITE_RECURSION = YES;
				CLANG_WARN_INT_CONVERSION = YES;
				CLANG_WARN_NON_LITERAL_NULL_CONVERSION = YES;
				CLANG_WARN_OBJC_IMPLICIT_RETAIN_SELF = YES;
				CLANG_WARN_OBJC_LITERAL_CONVERSION = YES;
				CLANG_WARN_OBJC_ROOT_CLASS = YES_ERROR;
				CLANG_WARN_QUOTED_INCLUDE_IN_FRAMEWORK_HEADER = YES;
				CLANG_WARN_RANGE_LOOP_ANALYSIS = YES;
				CLANG_WARN_STRICT_PROTOTYPES = YES;
				CLANG_WARN_SUSPICIOUS_MOVE = YES;
				CLANG_WARN_UNGUARDED_AVAILABILITY = YES_AGGRESSIVE;
				CLANG_WARN_UNREACHABLE_CODE = YES;
				CLANG_WARN__DUPLICATE_METHOD_MATCH = YES;
				COPY_PHASE_STRIP = NO;
				DEBUG_INFORMATION_FORMAT = "dwarf-with-dsym";
				ENABLE_NS_ASSERTIONS = NO;
				ENABLE_STRICT_OBJC_MSGSEND = YES;
				GCC_C_LANGUAGE_STANDARD = gnu11;
				GCC_NO_COMMON_BLOCKS = YES;
				GCC_WARN_64_TO_32_BIT_CONVERSION = YES;
				GCC_WARN_ABOUT_RETURN_TYPE = YES_ERROR;
				GCC_WARN_UNDECLARED_SELECTOR = YES;
				GCC_WARN_UNINITIALIZED_AUTOS = YES_AGGRESSIVE;
				GCC_WARN_UNUSED_FUNCTION = YES;
				GCC_WARN_UNUSED_VARIABLE = YES;
				IPHONEOS_DEPLOYMENT_TARGET = 14.4;
				MTL_ENABLE_DEBUG_INFO = NO;
				MTL_FAST_MATH = YES;
				SDKROOT = iphoneos;
				SWIFT_COMPILATION_MODE = wholemodule;
				SWIFT_OPTIMIZATION_LEVEL = "-O";
				VALIDATE_PRODUCT = YES;
			};
			name = Release;
		};
		B03A59B225D57352009BC164 /* Debug */ = {
			isa = XCBuildConfiguration;
			buildSettings = {
				ASSETCATALOG_COMPILER_APPICON_NAME = AppIcon;
				ASSETCATALOG_COMPILER_GLOBAL_ACCENT_COLOR_NAME = AccentColor;
				CODE_SIGN_STYLE = Automatic;
				DEVELOPMENT_ASSET_PATHS = "\"FTShowMusic/Preview Content\"";
				DEVELOPMENT_TEAM = 7QX4YC42U8;
				ENABLE_PREVIEWS = YES;
				INFOPLIST_FILE = FTShowMusic/Info.plist;
				IPHONEOS_DEPLOYMENT_TARGET = 14.0;
				LD_RUNPATH_SEARCH_PATHS = (
					"$(inherited)",
					"@executable_path/Frameworks",
				);
				PRODUCT_BUNDLE_IDENTIFIER = com.fitotoledano.FTShowMusic;
				PRODUCT_NAME = "$(TARGET_NAME)";
				SWIFT_VERSION = 5.0;
				TARGETED_DEVICE_FAMILY = "1,2";
			};
			name = Debug;
		};
		B03A59B325D57352009BC164 /* Release */ = {
			isa = XCBuildConfiguration;
			buildSettings = {
				ASSETCATALOG_COMPILER_APPICON_NAME = AppIcon;
				ASSETCATALOG_COMPILER_GLOBAL_ACCENT_COLOR_NAME = AccentColor;
				CODE_SIGN_STYLE = Automatic;
				DEVELOPMENT_ASSET_PATHS = "\"FTShowMusic/Preview Content\"";
				DEVELOPMENT_TEAM = 7QX4YC42U8;
				ENABLE_PREVIEWS = YES;
				INFOPLIST_FILE = FTShowMusic/Info.plist;
				IPHONEOS_DEPLOYMENT_TARGET = 14.0;
				LD_RUNPATH_SEARCH_PATHS = (
					"$(inherited)",
					"@executable_path/Frameworks",
				);
				PRODUCT_BUNDLE_IDENTIFIER = com.fitotoledano.FTShowMusic;
				PRODUCT_NAME = "$(TARGET_NAME)";
				SWIFT_VERSION = 5.0;
				TARGETED_DEVICE_FAMILY = "1,2";
			};
			name = Release;
		};
/* End XCBuildConfiguration section */

/* Begin XCConfigurationList section */
		B03A599D25D57351009BC164 /* Build configuration list for PBXProject "FTShowMusic" */ = {
			isa = XCConfigurationList;
			buildConfigurations = (
				B03A59AF25D57352009BC164 /* Debug */,
				B03A59B025D57352009BC164 /* Release */,
			);
			defaultConfigurationIsVisible = 0;
			defaultConfigurationName = Release;
		};
		B03A59B125D57352009BC164 /* Build configuration list for PBXNativeTarget "FTShowMusic" */ = {
			isa = XCConfigurationList;
			buildConfigurations = (
				B03A59B225D57352009BC164 /* Debug */,
				B03A59B325D57352009BC164 /* Release */,
			);
			defaultConfigurationIsVisible = 0;
			defaultConfigurationName = Release;
		};
/* End XCConfigurationList section */
	};
	rootObject = B03A599A25D57351009BC164 /* Project object */;
}
